
Microsoft Visual Studio Solution File, Format Version 12.00
# Visual Studio Version 16
VisualStudioVersion = 16.0.30413.136
MinimumVisualStudioVersion = 10.0.40219.1
Project("{FAE04EC0-301F-11D3-BF4B-00C04F79EFBC}") = "ConsoleApp", "ConsoleApp\ConsoleApp.csproj", "{D72AA27A-64A9-4317-B8E3-C82DC3A4DCF8}"
EndProject
Global
	GlobalSection(SolutionConfigurationPlatforms) = preSolution
		Debug|Any CPU = Debug|Any CPU
		Release|Any CPU = Release|Any CPU
	EndGlobalSection
	GlobalSection(ProjectConfigurationPlatforms) = postSolution
		{D72AA27A-64A9-4317-B8E3-C82DC3A4DCF8}.Debug|Any CPU.ActiveCfg = Debug|Any CPU
		{D72AA27A-64A9-4317-B8E3-C82DC3A4DCF8}.Debug|Any CPU.Build.0 = Debug|Any CPU
		{D72AA27A-64A9-4317-B8E3-C82DC3A4DCF8}.Release|Any CPU.ActiveCfg = Release|Any CPU
		{D72AA27A-64A9-4317-B8E3-C82DC3A4DCF8}.Release|Any CPU.Build.0 = Release|Any CPU
	EndGlobalSection
	GlobalSection(SolutionProperties) = preSolution
		HideSolutionNode = FALSE
	EndGlobalSection
	GlobalSection(ExtensibilityGlobals) = postSolution
		SolutionGuid = {C921BFD1-C41E-404E-95A3-1AABD3859565}
	EndGlobalSection
EndGlobal
